
Microsoft Visual Studio Solution File, Format Version 12.00
# Visual Studio Version 17
VisualStudioVersion = 17.14.36623.8 d17.14
MinimumVisualStudioVersion = 10.0.40219.1
Project("{FAE04EC0-301F-11D3-BF4B-00C04F79EFBC}") = "MartinWilbert", "MartinWilbert\MartinWilbert.csproj", "{628E23A3-A698-4E52-BCC6-AFA6C407E295}"
EndProject
Global
	GlobalSection(SolutionConfigurationPlatforms) = preSolution
		Debug|Any CPU = Debug|Any CPU
		Release|Any CPU = Release|Any CPU
	EndGlobalSection
	GlobalSection(ProjectConfigurationPlatforms) = postSolution
		{628E23A3-A698-4E52-BCC6-AFA6C407E295}.Debug|Any CPU.ActiveCfg = Debug|Any CPU
		{628E23A3-A698-4E52-BCC6-AFA6C407E295}.Debug|Any CPU.Build.0 = Debug|Any CPU
		{628E23A3-A698-4E52-BCC6-AFA6C407E295}.Release|Any CPU.ActiveCfg = Release|Any CPU
		{628E23A3-A698-4E52-BCC6-AFA6C407E295}.Release|Any CPU.Build.0 = Release|Any CPU
	EndGlobalSection
	GlobalSection(SolutionProperties) = preSolution
		HideSolutionNode = FALSE
	EndGlobalSection
	GlobalSection(ExtensibilityGlobals) = postSolution
		SolutionGuid = {41E4BA36-A731-4C8F-9051-D78DB019AE95}
	EndGlobalSection
EndGlobal
